// !$*UTF8*$!
{
	archiveVersion = 1;
	classes = {
	};
	objectVersion = 48;
	objects = {

/* Begin PBXBuildFile section */
		3CDAF8932027B2F9000F4D47 /* AppDelegate.swift in Sources */ = {isa = PBXBuildFile; fileRef = 3CDAF8922027B2F9000F4D47 /* AppDelegate.swift */; };
		3CDAF8952027B2F9000F4D47 /* MasterViewController.swift in Sources */ = {isa = PBXBuildFile; fileRef = 3CDAF8942027B2F9000F4D47 /* MasterViewController.swift */; };
		3CDAF8972027B2F9000F4D47 /* DetailViewController.swift in Sources */ = {isa = PBXBuildFile; fileRef = 3CDAF8962027B2F9000F4D47 /* DetailViewController.swift */; };
		3CDAF89A2027B2F9000F4D47 /* Main.storyboard in Resources */ = {isa = PBXBuildFile; fileRef = 3CDAF8982027B2F9000F4D47 /* Main.storyboard */; };
		3CDAF89C2027B2F9000F4D47 /* Assets.xcassets in Resources */ = {isa = PBXBuildFile; fileRef = 3CDAF89B2027B2F9000F4D47 /* Assets.xcassets */; };
		3CDAF89F2027B2F9000F4D47 /* LaunchScreen.storyboard in Resources */ = {isa = PBXBuildFile; fileRef = 3CDAF89D2027B2F9000F4D47 /* LaunchScreen.storyboard */; };
		3CDAF8AA2027B2FA000F4D47 /* SwiftTemplateSplitViewTests.swift in Sources */ = {isa = PBXBuildFile; fileRef = 3CDAF8A92027B2FA000F4D47 /* SwiftTemplateSplitViewTests.swift */; };
		3CDAF8B52027B2FA000F4D47 /* SwiftTemplateSplitViewUITests.swift in Sources */ = {isa = PBXBuildFile; fileRef = 3CDAF8B42027B2FA000F4D47 /* SwiftTemplateSplitViewUITests.swift */; };
		3CDAF8C32027B3DF000F4D47 /* README.txt in Resources */ = {isa = PBXBuildFile; fileRef = 3CDAF8C22027B3DF000F4D47 /* README.txt */; };
		3CDAF8C52028C3B8000F4D47 /* Menu_TVC.swift in Sources */ = {isa = PBXBuildFile; fileRef = 3CDAF8C42028C3B8000F4D47 /* Menu_TVC.swift */; };
		3CDAF8C920293A51000F4D47 /* OrderMaster_TVC.swift in Sources */ = {isa = PBXBuildFile; fileRef = 3CDAF8C820293A51000F4D47 /* OrderMaster_TVC.swift */; };
/* End PBXBuildFile section */

/* Begin PBXContainerItemProxy section */
		3CDAF8A62027B2FA000F4D47 /* PBXContainerItemProxy */ = {
			isa = PBXContainerItemProxy;
			containerPortal = 3CDAF8872027B2F9000F4D47 /* Project object */;
			proxyType = 1;
			remoteGlobalIDString = 3CDAF88E2027B2F9000F4D47;
			remoteInfo = SwiftTemplateSplitView;
		};
		3CDAF8B12027B2FA000F4D47 /* PBXContainerItemProxy */ = {
			isa = PBXContainerItemProxy;
			containerPortal = 3CDAF8872027B2F9000F4D47 /* Project object */;
			proxyType = 1;
			remoteGlobalIDString = 3CDAF88E2027B2F9000F4D47;
			remoteInfo = SwiftTemplateSplitView;
		};
/* End PBXContainerItemProxy section */

/* Begin PBXFileReference section */
		3CDAF88F2027B2F9000F4D47 /* SwiftTemplateSplitView.app */ = {isa = PBXFileReference; explicitFileType = wrapper.application; includeInIndex = 0; path = SwiftTemplateSplitView.app; sourceTree = BUILT_PRODUCTS_DIR; };
		3CDAF8922027B2F9000F4D47 /* AppDelegate.swift */ = {isa = PBXFileReference; lastKnownFileType = sourcecode.swift; path = AppDelegate.swift; sourceTree = "<group>"; };
		3CDAF8942027B2F9000F4D47 /* MasterViewController.swift */ = {isa = PBXFileReference; lastKnownFileType = sourcecode.swift; path = MasterViewController.swift; sourceTree = "<group>"; };
		3CDAF8962027B2F9000F4D47 /* DetailViewController.swift */ = {isa = PBXFileReference; lastKnownFileType = sourcecode.swift; path = DetailViewController.swift; sourceTree = "<group>"; };
		3CDAF8992027B2F9000F4D47 /* Base */ = {isa = PBXFileReference; lastKnownFileType = file.storyboard; name = Base; path = Base.lproj/Main.storyboard; sourceTree = "<group>"; };
		3CDAF89B2027B2F9000F4D47 /* Assets.xcassets */ = {isa = PBXFileReference; lastKnownFileType = folder.assetcatalog; path = Assets.xcassets; sourceTree = "<group>"; };
		3CDAF89E2027B2F9000F4D47 /* Base */ = {isa = PBXFileReference; lastKnownFileType = file.storyboard; name = Base; path = Base.lproj/LaunchScreen.storyboard; sourceTree = "<group>"; };
		3CDAF8A02027B2F9000F4D47 /* Info.plist */ = {isa = PBXFileReference; lastKnownFileType = text.plist.xml; path = Info.plist; sourceTree = "<group>"; };
		3CDAF8A52027B2FA000F4D47 /* SwiftTemplateSplitViewTests.xctest */ = {isa = PBXFileReference; explicitFileType = wrapper.cfbundle; includeInIndex = 0; path = SwiftTemplateSplitViewTests.xctest; sourceTree = BUILT_PRODUCTS_DIR; };
		3CDAF8A92027B2FA000F4D47 /* SwiftTemplateSplitViewTests.swift */ = {isa = PBXFileReference; lastKnownFileType = sourcecode.swift; path = SwiftTemplateSplitViewTests.swift; sourceTree = "<group>"; };
		3CDAF8AB2027B2FA000F4D47 /* Info.plist */ = {isa = PBXFileReference; lastKnownFileType = text.plist.xml; path = Info.plist; sourceTree = "<group>"; };
		3CDAF8B02027B2FA000F4D47 /* SwiftTemplateSplitViewUITests.xctest */ = {isa = PBXFileReference; explicitFileType = wrapper.cfbundle; includeInIndex = 0; path = SwiftTemplateSplitViewUITests.xctest; sourceTree = BUILT_PRODUCTS_DIR; };
		3CDAF8B42027B2FA000F4D47 /* SwiftTemplateSplitViewUITests.swift */ = {isa = PBXFileReference; lastKnownFileType = sourcecode.swift; path = SwiftTemplateSplitViewUITests.swift; sourceTree = "<group>"; };
		3CDAF8B62027B2FA000F4D47 /* Info.plist */ = {isa = PBXFileReference; lastKnownFileType = text.plist.xml; path = Info.plist; sourceTree = "<group>"; };
		3CDAF8C22027B3DF000F4D47 /* README.txt */ = {isa = PBXFileReference; fileEncoding = 4; lastKnownFileType = text; path = README.txt; sourceTree = "<group>"; };
		3CDAF8C42028C3B8000F4D47 /* Menu_TVC.swift */ = {isa = PBXFileReference; lastKnownFileType = sourcecode.swift; path = Menu_TVC.swift; sourceTree = "<group>"; };
		3CDAF8C820293A51000F4D47 /* OrderMaster_TVC.swift */ = {isa = PBXFileReference; lastKnownFileType = sourcecode.swift; path = OrderMaster_TVC.swift; sourceTree = "<group>"; };
/* End PBXFileReference section */

/* Begin PBXFrameworksBuildPhase section */
		3CDAF88C2027B2F9000F4D47 /* Frameworks */ = {
			isa = PBXFrameworksBuildPhase;
			buildActionMask = 2147483647;
			files = (
			);
			runOnlyForDeploymentPostprocessing = 0;
		};
		3CDAF8A22027B2FA000F4D47 /* Frameworks */ = {
			isa = PBXFrameworksBuildPhase;
			buildActionMask = 2147483647;
			files = (
			);
			runOnlyForDeploymentPostprocessing = 0;
		};
		3CDAF8AD2027B2FA000F4D47 /* Frameworks */ = {
			isa = PBXFrameworksBuildPhase;
			buildActionMask = 2147483647;
			files = (
			);
			runOnlyForDeploymentPostprocessing = 0;
		};
/* End PBXFrameworksBuildPhase section */

/* Begin PBXGroup section */
		3CDAF8862027B2F9000F4D47 = {
			isa = PBXGroup;
			children = (
				3CDAF8912027B2F9000F4D47 /* SwiftTemplateSplitView */,
				3CDAF8A82027B2FA000F4D47 /* SwiftTemplateSplitViewTests */,
				3CDAF8B32027B2FA000F4D47 /* SwiftTemplateSplitViewUITests */,
				3CDAF8902027B2F9000F4D47 /* Products */,
			);
			sourceTree = "<group>";
		};
		3CDAF8902027B2F9000F4D47 /* Products */ = {
			isa = PBXGroup;
			children = (
				3CDAF88F2027B2F9000F4D47 /* SwiftTemplateSplitView.app */,
				3CDAF8A52027B2FA000F4D47 /* SwiftTemplateSplitViewTests.xctest */,
				3CDAF8B02027B2FA000F4D47 /* SwiftTemplateSplitViewUITests.xctest */,
			);
			name = Products;
			sourceTree = "<group>";
		};
		3CDAF8912027B2F9000F4D47 /* SwiftTemplateSplitView */ = {
			isa = PBXGroup;
			children = (
				3CDAF8C22027B3DF000F4D47 /* README.txt */,
				3CDAF8922027B2F9000F4D47 /* AppDelegate.swift */,
				3CDAF8942027B2F9000F4D47 /* MasterViewController.swift */,
				3CDAF8962027B2F9000F4D47 /* DetailViewController.swift */,
				3CDAF8982027B2F9000F4D47 /* Main.storyboard */,
				3CDAF89B2027B2F9000F4D47 /* Assets.xcassets */,
				3CDAF89D2027B2F9000F4D47 /* LaunchScreen.storyboard */,
				3CDAF8A02027B2F9000F4D47 /* Info.plist */,
				3CDAF8C42028C3B8000F4D47 /* Menu_TVC.swift */,
				3CDAF8C820293A51000F4D47 /* OrderMaster_TVC.swift */,
			);
			path = SwiftTemplateSplitView;
			sourceTree = "<group>";
		};
		3CDAF8A82027B2FA000F4D47 /* SwiftTemplateSplitViewTests */ = {
			isa = PBXGroup;
			children = (
				3CDAF8A92027B2FA000F4D47 /* SwiftTemplateSplitViewTests.swift */,
				3CDAF8AB2027B2FA000F4D47 /* Info.plist */,
			);
			path = SwiftTemplateSplitViewTests;
			sourceTree = "<group>";
		};
		3CDAF8B32027B2FA000F4D47 /* SwiftTemplateSplitViewUITests */ = {
			isa = PBXGroup;
			children = (
				3CDAF8B42027B2FA000F4D47 /* SwiftTemplateSplitViewUITests.swift */,
				3CDAF8B62027B2FA000F4D47 /* Info.plist */,
			);
			path = SwiftTemplateSplitViewUITests;
			sourceTree = "<group>";
		};
/* End PBXGroup section */

/* Begin PBXNativeTarget section */
		3CDAF88E2027B2F9000F4D47 /* SwiftTemplateSplitView */ = {
			isa = PBXNativeTarget;
			buildConfigurationList = 3CDAF8B92027B2FA000F4D47 /* Build configuration list for PBXNativeTarget "SwiftTemplateSplitView" */;
			buildPhases = (
				3CDAF88B2027B2F9000F4D47 /* Sources */,
				3CDAF88C2027B2F9000F4D47 /* Frameworks */,
				3CDAF88D2027B2F9000F4D47 /* Resources */,
			);
			buildRules = (
			);
			dependencies = (
			);
			name = SwiftTemplateSplitView;
			productName = SwiftTemplateSplitView;
			productReference = 3CDAF88F2027B2F9000F4D47 /* SwiftTemplateSplitView.app */;
			productType = "com.apple.product-type.application";
		};
		3CDAF8A42027B2FA000F4D47 /* SwiftTemplateSplitViewTests */ = {
			isa = PBXNativeTarget;
			buildConfigurationList = 3CDAF8BC2027B2FA000F4D47 /* Build configuration list for PBXNativeTarget "SwiftTemplateSplitViewTests" */;
			buildPhases = (
				3CDAF8A12027B2FA000F4D47 /* Sources */,
				3CDAF8A22027B2FA000F4D47 /* Frameworks */,
				3CDAF8A32027B2FA000F4D47 /* Resources */,
			);
			buildRules = (
			);
			dependencies = (
				3CDAF8A72027B2FA000F4D47 /* PBXTargetDependency */,
			);
			name = SwiftTemplateSplitViewTests;
			productName = SwiftTemplateSplitViewTests;
			productReference = 3CDAF8A52027B2FA000F4D47 /* SwiftTemplateSplitViewTests.xctest */;
			productType = "com.apple.product-type.bundle.unit-test";
		};
		3CDAF8AF2027B2FA000F4D47 /* SwiftTemplateSplitViewUITests */ = {
			isa = PBXNativeTarget;
			buildConfigurationList = 3CDAF8BF2027B2FA000F4D47 /* Build configuration list for PBXNativeTarget "SwiftTemplateSplitViewUITests" */;
			buildPhases = (
				3CDAF8AC2027B2FA000F4D47 /* Sources */,
				3CDAF8AD2027B2FA000F4D47 /* Frameworks */,
				3CDAF8AE2027B2FA000F4D47 /* Resources */,
			);
			buildRules = (
			);
			dependencies = (
				3CDAF8B22027B2FA000F4D47 /* PBXTargetDependency */,
			);
			name = SwiftTemplateSplitViewUITests;
			productName = SwiftTemplateSplitViewUITests;
			productReference = 3CDAF8B02027B2FA000F4D47 /* SwiftTemplateSplitViewUITests.xctest */;
			productType = "com.apple.product-type.bundle.ui-testing";
		};
/* End PBXNativeTarget section */

/* Begin PBXProject section */
		3CDAF8872027B2F9000F4D47 /* Project object */ = {
			isa = PBXProject;
			attributes = {
				LastSwiftUpdateCheck = 0920;
				LastUpgradeCheck = 0920;
				ORGANIZATIONNAME = "Frank Cipolla";
				TargetAttributes = {
					3CDAF88E2027B2F9000F4D47 = {
						CreatedOnToolsVersion = 9.2;
						ProvisioningStyle = Automatic;
					};
					3CDAF8A42027B2FA000F4D47 = {
						CreatedOnToolsVersion = 9.2;
						ProvisioningStyle = Automatic;
						TestTargetID = 3CDAF88E2027B2F9000F4D47;
					};
					3CDAF8AF2027B2FA000F4D47 = {
						CreatedOnToolsVersion = 9.2;
						ProvisioningStyle = Automatic;
						TestTargetID = 3CDAF88E2027B2F9000F4D47;
					};
				};
			};
			buildConfigurationList = 3CDAF88A2027B2F9000F4D47 /* Build configuration list for PBXProject "SwiftTemplateSplitView" */;
			compatibilityVersion = "Xcode 8.0";
			developmentRegion = en;
			hasScannedForEncodings = 0;
			knownRegions = (
				en,
				Base,
			);
			mainGroup = 3CDAF8862027B2F9000F4D47;
			productRefGroup = 3CDAF8902027B2F9000F4D47 /* Products */;
			projectDirPath = "";
			projectRoot = "";
			targets = (
				3CDAF88E2027B2F9000F4D47 /* SwiftTemplateSplitView */,
				3CDAF8A42027B2FA000F4D47 /* SwiftTemplateSplitViewTests */,
				3CDAF8AF2027B2FA000F4D47 /* SwiftTemplateSplitViewUITests */,
			);
		};
/* End PBXProject section */

/* Begin PBXResourcesBuildPhase section */
		3CDAF88D2027B2F9000F4D47 /* Resources */ = {
			isa = PBXResourcesBuildPhase;
			buildActionMask = 2147483647;
			files = (
				3CDAF89F2027B2F9000F4D47 /* LaunchScreen.storyboard in Resources */,
				3CDAF89C2027B2F9000F4D47 /* Assets.xcassets in Resources */,
				3CDAF8C32027B3DF000F4D47 /* README.txt in Resources */,
				3CDAF89A2027B2F9000F4D47 /* Main.storyboard in Resources */,
			);
			runOnlyForDeploymentPostprocessing = 0;
		};
		3CDAF8A32027B2FA000F4D47 /* Resources */ = {
			isa = PBXResourcesBuildPhase;
			buildActionMask = 2147483647;
			files = (
			);
			runOnlyForDeploymentPostprocessing = 0;
		};
		3CDAF8AE2027B2FA000F4D47 /* Resources */ = {
			isa = PBXResourcesBuildPhase;
			buildActionMask = 2147483647;
			files = (
			);
			runOnlyForDeploymentPostprocessing = 0;
		};
/* End PBXResourcesBuildPhase section */

/* Begin PBXSourcesBuildPhase section */
		3CDAF88B2027B2F9000F4D47 /* Sources */ = {
			isa = PBXSourcesBuildPhase;
			buildActionMask = 2147483647;
			files = (
				3CDAF8972027B2F9000F4D47 /* DetailViewController.swift in Sources */,
				3CDAF8C920293A51000F4D47 /* OrderMaster_TVC.swift in Sources */,
				3CDAF8952027B2F9000F4D47 /* MasterViewController.swift in Sources */,
				3CDAF8C52028C3B8000F4D47 /* Menu_TVC.swift in Sources */,
				3CDAF8932027B2F9000F4D47 /* AppDelegate.swift in Sources */,
			);
			runOnlyForDeploymentPostprocessing = 0;
		};
		3CDAF8A12027B2FA000F4D47 /* Sources */ = {
			isa = PBXSourcesBuildPhase;
			buildActionMask = 2147483647;
			files = (
				3CDAF8AA2027B2FA000F4D47 /* SwiftTemplateSplitViewTests.swift in Sources */,
			);
			runOnlyForDeploymentPostprocessing = 0;
		};
		3CDAF8AC2027B2FA000F4D47 /* Sources */ = {
			isa = PBXSourcesBuildPhase;
			buildActionMask = 2147483647;
			files = (
				3CDAF8B52027B2FA000F4D47 /* SwiftTemplateSplitViewUITests.swift in Sources */,
			);
			runOnlyForDeploymentPostprocessing = 0;
		};
/* End PBXSourcesBuildPhase section */

/* Begin PBXTargetDependency section */
		3CDAF8A72027B2FA000F4D47 /* PBXTargetDependency */ = {
			isa = PBXTargetDependency;
			target = 3CDAF88E2027B2F9000F4D47 /* SwiftTemplateSplitView */;
			targetProxy = 3CDAF8A62027B2FA000F4D47 /* PBXContainerItemProxy */;
		};
		3CDAF8B22027B2FA000F4D47 /* PBXTargetDependency */ = {
			isa = PBXTargetDependency;
			target = 3CDAF88E2027B2F9000F4D47 /* SwiftTemplateSplitView */;
			targetProxy = 3CDAF8B12027B2FA000F4D47 /* PBXContainerItemProxy */;
		};
/* End PBXTargetDependency section */

/* Begin PBXVariantGroup section */
		3CDAF8982027B2F9000F4D47 /* Main.storyboard */ = {
			isa = PBXVariantGroup;
			children = (
				3CDAF8992027B2F9000F4D47 /* Base */,
			);
			name = Main.storyboard;
			sourceTree = "<group>";
		};
		3CDAF89D2027B2F9000F4D47 /* LaunchScreen.storyboard */ = {
			isa = PBXVariantGroup;
			children = (
				3CDAF89E2027B2F9000F4D47 /* Base */,
			);
			name = LaunchScreen.storyboard;
			sourceTree = "<group>";
		};
/* End PBXVariantGroup section */

/* Begin XCBuildConfiguration section */
		3CDAF8B72027B2FA000F4D47 /* Debug */ = {
			isa = XCBuildConfiguration;
			buildSettings = {
				ALWAYS_SEARCH_USER_PATHS = NO;
				CLANG_ANALYZER_NONNULL = YES;
				CLANG_ANALYZER_NUMBER_OBJECT_CONVERSION = YES_AGGRESSIVE;
				CLANG_CXX_LANGUAGE_STANDARD = "gnu++14";
				CLANG_CXX_LIBRARY = "libc++";
				CLANG_ENABLE_MODULES = YES;
				CLANG_ENABLE_OBJC_ARC = YES;
				CLANG_WARN_BLOCK_CAPTURE_AUTORELEASING = YES;
				CLANG_WARN_BOOL_CONVERSION = YES;
				CLANG_WARN_COMMA = YES;
				CLANG_WARN_CONSTANT_CONVERSION = YES;
				CLANG_WARN_DIRECT_OBJC_ISA_USAGE = YES_ERROR;
				CLANG_WARN_DOCUMENTATION_COMMENTS = YES;
				CLANG_WARN_EMPTY_BODY = YES;
				CLANG_WARN_ENUM_CONVERSION = YES;
				CLANG_WARN_INFINITE_RECURSION = YES;
				CLANG_WARN_INT_CONVERSION = YES;
				CLANG_WARN_NON_LITERAL_NULL_CONVERSION = YES;
				CLANG_WARN_OBJC_LITERAL_CONVERSION = YES;
				CLANG_WARN_OBJC_ROOT_CLASS = YES_ERROR;
				CLANG_WARN_RANGE_LOOP_ANALYSIS = YES;
				CLANG_WARN_STRICT_PROTOTYPES = YES;
				CLANG_WARN_SUSPICIOUS_MOVE = YES;
				CLANG_WARN_UNGUARDED_AVAILABILITY = YES_AGGRESSIVE;
				CLANG_WARN_UNREACHABLE_CODE = YES;
				CLANG_WARN__DUPLICATE_METHOD_MATCH = YES;
				CODE_SIGN_IDENTITY = "iPhone Developer";
				COPY_PHASE_STRIP = NO;
				DEBUG_INFORMATION_FORMAT = dwarf;
				ENABLE_STRICT_OBJC_MSGSEND = YES;
				ENABLE_TESTABILITY = YES;
				GCC_C_LANGUAGE_STANDARD = gnu11;
				GCC_DYNAMIC_NO_PIC = NO;
				GCC_NO_COMMON_BLOCKS = YES;
				GCC_OPTIMIZATION_LEVEL = 0;
				GCC_PREPROCESSOR_DEFINITIONS = (
					"DEBUG=1",
					"$(inherited)",
				);
				GCC_WARN_64_TO_32_BIT_CONVERSION = YES;
				GCC_WARN_ABOUT_RETURN_TYPE = YES_ERROR;
				GCC_WARN_UNDECLARED_SELECTOR = YES;
				GCC_WARN_UNINITIALIZED_AUTOS = YES_AGGRESSIVE;
				GCC_WARN_UNUSED_FUNCTION = YES;
				GCC_WARN_UNUSED_VARIABLE = YES;
				IPHONEOS_DEPLOYMENT_TARGET = 11.2;
				MTL_ENABLE_DEBUG_INFO = YES;
				ONLY_ACTIVE_ARCH = YES;
				SDKROOT = iphoneos;
				SWIFT_ACTIVE_COMPILATION_CONDITIONS = DEBUG;
				SWIFT_OPTIMIZATION_LEVEL = "-Onone";
			};
			name = Debug;
		};
		3CDAF8B82027B2FA000F4D47 /* Release */ = {
			isa = XCBuildConfiguration;
			buildSettings = {
				ALWAYS_SEARCH_USER_PATHS = NO;
				CLANG_ANALYZER_NONNULL = YES;
				CLANG_ANALYZER_NUMBER_OBJECT_CONVERSION = YES_AGGRESSIVE;
				CLANG_CXX_LANGUAGE_STANDARD = "gnu++14";
				CLANG_CXX_LIBRARY = "libc++";
				CLANG_ENABLE_MODULES = YES;
				CLANG_ENABLE_OBJC_ARC = YES;
				CLANG_WARN_BLOCK_CAPTURE_AUTORELEASING = YES;
				CLANG_WARN_BOOL_CONVERSION = YES;
				CLANG_WARN_COMMA = YES;
				CLANG_WARN_CONSTANT_CONVERSION = YES;
				CLANG_WARN_DIRECT_OBJC_ISA_USAGE = YES_ERROR;
				CLANG_WARN_DOCUMENTATION_COMMENTS = YES;
				CLANG_WARN_EMPTY_BODY = YES;
				CLANG_WARN_ENUM_CONVERSION = YES;
				CLANG_WARN_INFINITE_RECURSION = YES;
				CLANG_WARN_INT_CONVERSION = YES;
				CLANG_WARN_NON_LITERAL_NULL_CONVERSION = YES;
				CLANG_WARN_OBJC_LITERAL_CONVERSION = YES;
				CLANG_WARN_OBJC_ROOT_CLASS = YES_ERROR;
				CLANG_WARN_RANGE_LOOP_ANALYSIS = YES;
				CLANG_WARN_STRICT_PROTOTYPES = YES;
				CLANG_WARN_SUSPICIOUS_MOVE = YES;
				CLANG_WARN_UNGUARDED_AVAILABILITY = YES_AGGRESSIVE;
				CLANG_WARN_UNREACHABLE_CODE = YES;
				CLANG_WARN__DUPLICATE_METHOD_MATCH = YES;
				CODE_SIGN_IDENTITY = "iPhone Developer";
				COPY_PHASE_STRIP = NO;
				DEBUG_INFORMATION_FORMAT = "dwarf-with-dsym";
				ENABLE_NS_ASSERTIONS = NO;
				ENABLE_STRICT_OBJC_MSGSEND = YES;
				GCC_C_LANGUAGE_STANDARD = gnu11;
				GCC_NO_COMMON_BLOCKS = YES;
				GCC_WARN_64_TO_32_BIT_CONVERSION = YES;
				GCC_WARN_ABOUT_RETURN_TYPE = YES_ERROR;
				GCC_WARN_UNDECLARED_SELECTOR = YES;
				GCC_WARN_UNINITIALIZED_AUTOS = YES_AGGRESSIVE;
				GCC_WARN_UNUSED_FUNCTION = YES;
				GCC_WARN_UNUSED_VARIABLE = YES;
				IPHONEOS_DEPLOYMENT_TARGET = 11.2;
				MTL_ENABLE_DEBUG_INFO = NO;
				SDKROOT = iphoneos;
				SWIFT_OPTIMIZATION_LEVEL = "-Owholemodule";
				VALIDATE_PRODUCT = YES;
			};
			name = Release;
		};
		3CDAF8BA2027B2FA000F4D47 /* Debug */ = {
			isa = XCBuildConfiguration;
			buildSettings = {
				ASSETCATALOG_COMPILER_APPICON_NAME = AppIcon;
				CODE_SIGN_STYLE = Automatic;
				DEVELOPMENT_TEAM = N24V4NH8BJ;
				INFOPLIST_FILE = SwiftTemplateSplitView/Info.plist;
				LD_RUNPATH_SEARCH_PATHS = "$(inherited) @executable_path/Frameworks";
				PRODUCT_BUNDLE_IDENTIFIER = com.dandylion.SwiftTemplateSplitView;
				PRODUCT_NAME = "$(TARGET_NAME)";
				SWIFT_VERSION = 4.0;
				TARGETED_DEVICE_FAMILY = "1,2";
			};
			name = Debug;
		};
		3CDAF8BB2027B2FA000F4D47 /* Release */ = {
			isa = XCBuildConfiguration;
			buildSettings = {
				ASSETCATALOG_COMPILER_APPICON_NAME = AppIcon;
				CODE_SIGN_STYLE = Automatic;
				DEVELOPMENT_TEAM = N24V4NH8BJ;
				INFOPLIST_FILE = SwiftTemplateSplitView/Info.plist;
				LD_RUNPATH_SEARCH_PATHS = "$(inherited) @executable_path/Frameworks";
				PRODUCT_BUNDLE_IDENTIFIER = com.dandylion.SwiftTemplateSplitView;
				PRODUCT_NAME = "$(TARGET_NAME)";
				SWIFT_VERSION = 4.0;
				TARGETED_DEVICE_FAMILY = "1,2";
			};
			name = Release;
		};
		3CDAF8BD2027B2FA000F4D47 /* Debug */ = {
			isa = XCBuildConfiguration;
			buildSettings = {
				ALWAYS_EMBED_SWIFT_STANDARD_LIBRARIES = YES;
				BUNDLE_LOADER = "$(TEST_HOST)";
				CODE_SIGN_STYLE = Automatic;
				DEVELOPMENT_TEAM = N24V4NH8BJ;
				INFOPLIST_FILE = SwiftTemplateSplitViewTests/Info.plist;
				LD_RUNPATH_SEARCH_PATHS = "$(inherited) @executable_path/Frameworks @loader_path/Frameworks";
				PRODUCT_BUNDLE_IDENTIFIER = com.dandylion.SwiftTemplateSplitViewTests;
				PRODUCT_NAME = "$(TARGET_NAME)";
				SWIFT_VERSION = 4.0;
				TARGETED_DEVICE_FAMILY = "1,2";
				TEST_HOST = "$(BUILT_PRODUCTS_DIR)/SwiftTemplateSplitView.app/SwiftTemplateSplitView";
			};
			name = Debug;
		};
		3CDAF8BE2027B2FA000F4D47 /* Release */ = {
			isa = XCBuildConfiguration;
			buildSettings = {
				ALWAYS_EMBED_SWIFT_STANDARD_LIBRARIES = YES;
				BUNDLE_LOADER = "$(TEST_HOST)";
				CODE_SIGN_STYLE = Automatic;
				DEVELOPMENT_TEAM = N24V4NH8BJ;
				INFOPLIST_FILE = SwiftTemplateSplitViewTests/Info.plist;
				LD_RUNPATH_SEARCH_PATHS = "$(inherited) @executable_path/Frameworks @loader_path/Frameworks";
				PRODUCT_BUNDLE_IDENTIFIER = com.dandylion.SwiftTemplateSplitViewTests;
				PRODUCT_NAME = "$(TARGET_NAME)";
				SWIFT_VERSION = 4.0;
				TARGETED_DEVICE_FAMILY = "1,2";
				TEST_HOST = "$(BUILT_PRODUCTS_DIR)/SwiftTemplateSplitView.app/SwiftTemplateSplitView";
			};
			name = Release;
		};
		3CDAF8C02027B2FA000F4D47 /* Debug */ = {
			isa = XCBuildConfiguration;
			buildSettings = {
				ALWAYS_EMBED_SWIFT_STANDARD_LIBRARIES = YES;
				CODE_SIGN_STYLE = Automatic;
				DEVELOPMENT_TEAM = N24V4NH8BJ;
				INFOPLIST_FILE = SwiftTemplateSplitViewUITests/Info.plist;
				LD_RUNPATH_SEARCH_PATHS = "$(inherited) @executable_path/Frameworks @loader_path/Frameworks";
				PRODUCT_BUNDLE_IDENTIFIER = com.dandylion.SwiftTemplateSplitViewUITests;
				PRODUCT_NAME = "$(TARGET_NAME)";
				SWIFT_VERSION = 4.0;
				TARGETED_DEVICE_FAMILY = "1,2";
				TEST_TARGET_NAME = SwiftTemplateSplitView;
			};
			name = Debug;
		};
		3CDAF8C12027B2FA000F4D47 /* Release */ = {
			isa = XCBuildConfiguration;
			buildSettings = {
				ALWAYS_EMBED_SWIFT_STANDARD_LIBRARIES = YES;
				CODE_SIGN_STYLE = Automatic;
				DEVELOPMENT_TEAM = N24V4NH8BJ;
				INFOPLIST_FILE = SwiftTemplateSplitViewUITests/Info.plist;
				LD_RUNPATH_SEARCH_PATHS = "$(inherited) @executable_path/Frameworks @loader_path/Frameworks";
				PRODUCT_BUNDLE_IDENTIFIER = com.dandylion.SwiftTemplateSplitViewUITests;
				PRODUCT_NAME = "$(TARGET_NAME)";
				SWIFT_VERSION = 4.0;
				TARGETED_DEVICE_FAMILY = "1,2";
				TEST_TARGET_NAME = SwiftTemplateSplitView;
			};
			name = Release;
		};
/* End XCBuildConfiguration section */

/* Begin XCConfigurationList section */
		3CDAF88A2027B2F9000F4D47 /* Build configuration list for PBXProject "SwiftTemplateSplitView" */ = {
			isa = XCConfigurationList;
			buildConfigurations = (
				3CDAF8B72027B2FA000F4D47 /* Debug */,
				3CDAF8B82027B2FA000F4D47 /* Release */,
			);
			defaultConfigurationIsVisible = 0;
			defaultConfigurationName = Release;
		};
		3CDAF8B92027B2FA000F4D47 /* Build configuration list for PBXNativeTarget "SwiftTemplateSplitView" */ = {
			isa = XCConfigurationList;
			buildConfigurations = (
				3CDAF8BA2027B2FA000F4D47 /* Debug */,
				3CDAF8BB2027B2FA000F4D47 /* Release */,
			);
			defaultConfigurationIsVisible = 0;
			defaultConfigurationName = Release;
		};
		3CDAF8BC2027B2FA000F4D47 /* Build configuration list for PBXNativeTarget "SwiftTemplateSplitViewTests" */ = {
			isa = XCConfigurationList;
			buildConfigurations = (
				3CDAF8BD2027B2FA000F4D47 /* Debug */,
				3CDAF8BE2027B2FA000F4D47 /* Release */,
			);
			defaultConfigurationIsVisible = 0;
			defaultConfigurationName = Release;
		};
		3CDAF8BF2027B2FA000F4D47 /* Build configuration list for PBXNativeTarget "SwiftTemplateSplitViewUITests" */ = {
			isa = XCConfigurationList;
			buildConfigurations = (
				3CDAF8C02027B2FA000F4D47 /* Debug */,
				3CDAF8C12027B2FA000F4D47 /* Release */,
			);
			defaultConfigurationIsVisible = 0;
			defaultConfigurationName = Release;
		};
/* End XCConfigurationList section */
	};
	rootObject = 3CDAF8872027B2F9000F4D47 /* Project object */;
}
